
Microsoft Visual Studio Solution File, Format Version 12.00
# Visual Studio Version 17
VisualStudioVersion = 17.6.33815.320
MinimumVisualStudioVersion = 10.0.40219.1
Project("{2150E333-8FDC-42A3-9474-1A3956D46DE8}") = "Core", "Core", "{7EE93480-CCFD-4B9C-99A2-1EDBD12E5D07}"
EndProject
Project("{2150E333-8FDC-42A3-9474-1A3956D46DE8}") = "Infrastructure", "Infrastructure", "{4298AC72-7327-4B63-8BDA-C19C7709CF69}"
EndProject
Project("{2150E333-8FDC-42A3-9474-1A3956D46DE8}") = "Presentation", "Presentation", "{4B415FEC-A11B-4331-87AF-3CF99A5F6609}"
EndProject
Project("{2150E333-8FDC-42A3-9474-1A3956D46DE8}") = "Tests", "Tests", "{EDEE7F3C-51BB-4582-813C-02365FBB3E35}"
EndProject
Project("{9A19103F-16F7-4668-BE54-9A1E7A4F7556}") = "Notes.Domain", "Notes.Domain\Notes.Domain.csproj", "{7B0BB57A-101B-4B7F-90DD-38A6C7D86222}"
EndProject
Project("{9A19103F-16F7-4668-BE54-9A1E7A4F7556}") = "Notes.Application", "Notes.Application\Notes.Application.csproj", "{D3ADBC05-63B5-4E6C-AC35-0754DCC1E4E7}"
EndProject
Project("{9A19103F-16F7-4668-BE54-9A1E7A4F7556}") = "Notes.Persistense", "Notes.Persistense\Notes.Persistense.csproj", "{21AF6754-D21B-49B5-ACF1-94BA7881B058}"
EndProject
Project("{9A19103F-16F7-4668-BE54-9A1E7A4F7556}") = "Notes.WebApi", "Notes.WebApi\Notes.WebApi.csproj", "{6C0F739A-2123-464E-A9AE-D5FD577EE090}"
EndProject
Project("{2150E333-8FDC-42A3-9474-1A3956D46DE8}") = "Solution Items", "Solution Items", "{5D4A488D-8C81-42F6-911A-6BD23B020B5B}"
	ProjectSection(SolutionItems) = preProject
		.editorconfig = .editorconfig
	EndProjectSection
EndProject
Project("{FAE04EC0-301F-11D3-BF4B-00C04F79EFBC}") = "Notes.Tests", "Notes.Tests\Notes.Tests.csproj", "{FBEEA7C4-125C-47F5-BAA2-FCFFB2A72D40}"
EndProject
Global
	GlobalSection(SolutionConfigurationPlatforms) = preSolution
		Debug|Any CPU = Debug|Any CPU
		Release|Any CPU = Release|Any CPU
	EndGlobalSection
	GlobalSection(ProjectConfigurationPlatforms) = postSolution
		{7B0BB57A-101B-4B7F-90DD-38A6C7D86222}.Debug|Any CPU.ActiveCfg = Debug|Any CPU
		{7B0BB57A-101B-4B7F-90DD-38A6C7D86222}.Debug|Any CPU.Build.0 = Debug|Any CPU
		{7B0BB57A-101B-4B7F-90DD-38A6C7D86222}.Release|Any CPU.ActiveCfg = Release|Any CPU
		{7B0BB57A-101B-4B7F-90DD-38A6C7D86222}.Release|Any CPU.Build.0 = Release|Any CPU
		{D3ADBC05-63B5-4E6C-AC35-0754DCC1E4E7}.Debug|Any CPU.ActiveCfg = Debug|Any CPU
		{D3ADBC05-63B5-4E6C-AC35-0754DCC1E4E7}.Debug|Any CPU.Build.0 = Debug|Any CPU
		{D3ADBC05-63B5-4E6C-AC35-0754DCC1E4E7}.Release|Any CPU.ActiveCfg = Release|Any CPU
		{D3ADBC05-63B5-4E6C-AC35-0754DCC1E4E7}.Release|Any CPU.Build.0 = Release|Any CPU
		{21AF6754-D21B-49B5-ACF1-94BA7881B058}.Debug|Any CPU.ActiveCfg = Debug|Any CPU
		{21AF6754-D21B-49B5-ACF1-94BA7881B058}.Debug|Any CPU.Build.0 = Debug|Any CPU
		{21AF6754-D21B-49B5-ACF1-94BA7881B058}.Release|Any CPU.ActiveCfg = Release|Any CPU
		{21AF6754-D21B-49B5-ACF1-94BA7881B058}.Release|Any CPU.Build.0 = Release|Any CPU
		{6C0F739A-2123-464E-A9AE-D5FD577EE090}.Debug|Any CPU.ActiveCfg = Debug|Any CPU
		{6C0F739A-2123-464E-A9AE-D5FD577EE090}.Debug|Any CPU.Build.0 = Debug|Any CPU
		{6C0F739A-2123-464E-A9AE-D5FD577EE090}.Release|Any CPU.ActiveCfg = Release|Any CPU
		{6C0F739A-2123-464E-A9AE-D5FD577EE090}.Release|Any CPU.Build.0 = Release|Any CPU
		{FBEEA7C4-125C-47F5-BAA2-FCFFB2A72D40}.Debug|Any CPU.ActiveCfg = Debug|Any CPU
		{FBEEA7C4-125C-47F5-BAA2-FCFFB2A72D40}.Debug|Any CPU.Build.0 = Debug|Any CPU
		{FBEEA7C4-125C-47F5-BAA2-FCFFB2A72D40}.Release|Any CPU.ActiveCfg = Release|Any CPU
		{FBEEA7C4-125C-47F5-BAA2-FCFFB2A72D40}.Release|Any CPU.Build.0 = Release|Any CPU
	EndGlobalSection
	GlobalSection(SolutionProperties) = preSolution
		HideSolutionNode = FALSE
	EndGlobalSection
	GlobalSection(NestedProjects) = preSolution
		{7B0BB57A-101B-4B7F-90DD-38A6C7D86222} = {7EE93480-CCFD-4B9C-99A2-1EDBD12E5D07}
		{D3ADBC05-63B5-4E6C-AC35-0754DCC1E4E7} = {7EE93480-CCFD-4B9C-99A2-1EDBD12E5D07}
		{21AF6754-D21B-49B5-ACF1-94BA7881B058} = {4298AC72-7327-4B63-8BDA-C19C7709CF69}
		{6C0F739A-2123-464E-A9AE-D5FD577EE090} = {4B415FEC-A11B-4331-87AF-3CF99A5F6609}
		{FBEEA7C4-125C-47F5-BAA2-FCFFB2A72D40} = {EDEE7F3C-51BB-4582-813C-02365FBB3E35}
	EndGlobalSection
	GlobalSection(ExtensibilityGlobals) = postSolution
		SolutionGuid = {42AEB8A5-4FF4-4573-9AD0-F926F65DB66D}
	EndGlobalSection
EndGlobal
